Microsoft Visual Studio Solution File, Format Version 12.00
# Visual Studio Version 16
VisualStudioVersion = 16.0.0.0
MinimumVisualStudioVersion = 16.0.0.0
Project("{9A19103F-16F7-4668-BE54-9A1E7A4F7556}") = "EmployeesApp", "EmployeesApp.csproj", "{916FCCA2-8245-4C1F-AC05-5F1EC06DB55B}"
EndProject
Global
	GlobalSection(SolutionConfigurationPlatforms) = preSolution
		Debug|Any CPU = Debug|Any CPU
		Debug|x64 = Debug|x64
		Debug|x86 = Debug|x86
		Release|Any CPU = Release|Any CPU
		Release|x64 = Release|x64
		Release|x86 = Release|x86
	EndGlobalSection
	GlobalSection(ProjectConfigurationPlatforms) = postSolution
		{916FCCA2-8245-4C1F-AC05-5F1EC06DB55B}.Debug|Any CPU.ActiveCfg = Debug|Any CPU
		{916FCCA2-8245-4C1F-AC05-5F1EC06DB55B}.Debug|Any CPU.Build.0 = Debug|Any CPU
		{916FCCA2-8245-4C1F-AC05-5F1EC06DB55B}.Debug|x64.ActiveCfg = Debug|Any CPU
		{916FCCA2-8245-4C1F-AC05-5F1EC06DB55B}.Debug|x64.Build.0 = Debug|Any CPU
		{916FCCA2-8245-4C1F-AC05-5F1EC06DB55B}.Debug|x86.ActiveCfg = Debug|Any CPU
		{916FCCA2-8245-4C1F-AC05-5F1EC06DB55B}.Debug|x86.Build.0 = Debug|Any CPU
		{916FCCA2-8245-4C1F-AC05-5F1EC06DB55B}.Release|Any CPU.ActiveCfg = Release|Any CPU
		{916FCCA2-8245-4C1F-AC05-5F1EC06DB55B}.Release|Any CPU.Build.0 = Release|Any CPU
		{916FCCA2-8245-4C1F-AC05-5F1EC06DB55B}.Release|x64.ActiveCfg = Release|Any CPU
		{916FCCA2-8245-4C1F-AC05-5F1EC06DB55B}.Release|x64.Build.0 = Release|Any CPU
		{916FCCA2-8245-4C1F-AC05-5F1EC06DB55B}.Release|x86.ActiveCfg = Release|Any CPU
		{916FCCA2-8245-4C1F-AC05-5F1EC06DB55B}.Release|x86.Build.0 = Release|Any CPU
	EndGlobalSection
	GlobalSection(SolutionProperties) = preSolution
		HideSolutionNode = FALSE
	EndGlobalSection
	GlobalSection(ExtensibilityGlobals) = postSolution
		SolutionGuid = {6628854F-507F-4A5B-8367-EB63B863F28A}
	EndGlobalSection
EndGlobal